
Microsoft Visual Studio Solution File, Format Version 12.00
# Visual Studio 2012
Project("{FAE04EC0-301F-11D3-BF4B-00C04F79EFBC}") = "PigletCheckers.Data", "PigletCheckers.Data\PigletCheckers.Data.csproj", "{4B9889BA-22CC-4B16-AB60-4EC5C923DA38}"
EndProject
Project("{FAE04EC0-301F-11D3-BF4B-00C04F79EFBC}") = "PigletCheckers.Models", "PigletCheckers.Models\PigletCheckers.Models.csproj", "{F64F0B5F-70BE-4710-9180-9B7A660D97CA}"
EndProject
Project("{FAE04EC0-301F-11D3-BF4B-00C04F79EFBC}") = "PigletCheckers.Server", "PigletCheckers.Server\PigletCheckers.Server.csproj", "{33BA7475-1DCE-46B7-A85F-F1B5E48E4AFC}"
EndProject
Global
	GlobalSection(TeamFoundationVersionControl) = preSolution
		SccNumberOfProjects = 4
		SccEnterpriseProvider = {4CA58AB2-18FA-4F8D-95D4-32DDF27D184C}
		SccTeamFoundationServer = https://tfs.codeplex.com/tfs/tfs17
		SccLocalPath0 = .
		SccProjectUniqueName1 = PigletCheckers.Data\\PigletCheckers.Data.csproj
		SccProjectName1 = PigletCheckers.Data
		SccLocalPath1 = PigletCheckers.Data
		SccProjectUniqueName2 = PigletCheckers.Models\\PigletCheckers.Models.csproj
		SccProjectName2 = PigletCheckers.Models
		SccLocalPath2 = PigletCheckers.Models
		SccProjectUniqueName3 = PigletCheckers.Server\\PigletCheckers.Server.csproj
		SccProjectName3 = PigletCheckers.Server
		SccLocalPath3 = PigletCheckers.Server
	EndGlobalSection
	GlobalSection(SolutionConfigurationPlatforms) = preSolution
		Debug|Any CPU = Debug|Any CPU
		Release|Any CPU = Release|Any CPU
	EndGlobalSection
	GlobalSection(ProjectConfigurationPlatforms) = postSolution
		{4B9889BA-22CC-4B16-AB60-4EC5C923DA38}.Debug|Any CPU.ActiveCfg = Debug|Any CPU
		{4B9889BA-22CC-4B16-AB60-4EC5C923DA38}.Debug|Any CPU.Build.0 = Debug|Any CPU
		{4B9889BA-22CC-4B16-AB60-4EC5C923DA38}.Release|Any CPU.ActiveCfg = Release|Any CPU
		{4B9889BA-22CC-4B16-AB60-4EC5C923DA38}.Release|Any CPU.Build.0 = Release|Any CPU
		{F64F0B5F-70BE-4710-9180-9B7A660D97CA}.Debug|Any CPU.ActiveCfg = Debug|Any CPU
		{F64F0B5F-70BE-4710-9180-9B7A660D97CA}.Debug|Any CPU.Build.0 = Debug|Any CPU
		{F64F0B5F-70BE-4710-9180-9B7A660D97CA}.Release|Any CPU.ActiveCfg = Release|Any CPU
		{F64F0B5F-70BE-4710-9180-9B7A660D97CA}.Release|Any CPU.Build.0 = Release|Any CPU
		{33BA7475-1DCE-46B7-A85F-F1B5E48E4AFC}.Debug|Any CPU.ActiveCfg = Debug|Any CPU
		{33BA7475-1DCE-46B7-A85F-F1B5E48E4AFC}.Debug|Any CPU.Build.0 = Debug|Any CPU
		{33BA7475-1DCE-46B7-A85F-F1B5E48E4AFC}.Release|Any CPU.ActiveCfg = Release|Any CPU
		{33BA7475-1DCE-46B7-A85F-F1B5E48E4AFC}.Release|Any CPU.Build.0 = Release|Any CPU
	EndGlobalSection
	GlobalSection(SolutionProperties) = preSolution
		HideSolutionNode = FALSE
	EndGlobalSection
EndGlobal
